
Microsoft Visual Studio Solution File, Format Version 12.00
# Visual Studio Version 17
VisualStudioVersion = 17.14.36301.6
MinimumVisualStudioVersion = 10.0.40219.1
Project("{FAE04EC0-301F-11D3-BF4B-00C04F79EFBC}") = "RoboAnalyzerChatAddon", "RoboAnalyzerChatAddon\RoboAnalyzerChatAddon.csproj", "{AD277795-AB46-4916-9552-6EAE44C8713B}"
EndProject
Project("{FAE04EC0-301F-11D3-BF4B-00C04F79EFBC}") = "ChatServer", "ChatServer\ChatServer.csproj", "{4F022832-2A29-4C96-A4DB-7AA354045940}"
EndProject
Global
	GlobalSection(SolutionConfigurationPlatforms) = preSolution
		Debug|Any CPU = Debug|Any CPU
		Release|Any CPU = Release|Any CPU
	EndGlobalSection
	GlobalSection(ProjectConfigurationPlatforms) = postSolution
		{AD277795-AB46-4916-9552-6EAE44C8713B}.Debug|Any CPU.ActiveCfg = Debug|Any CPU
		{AD277795-AB46-4916-9552-6EAE44C8713B}.Debug|Any CPU.Build.0 = Debug|Any CPU
		{AD277795-AB46-4916-9552-6EAE44C8713B}.Release|Any CPU.ActiveCfg = Release|Any CPU
		{AD277795-AB46-4916-9552-6EAE44C8713B}.Release|Any CPU.Build.0 = Release|Any CPU
		{4F022832-2A29-4C96-A4DB-7AA354045940}.Debug|Any CPU.ActiveCfg = Debug|Any CPU
		{4F022832-2A29-4C96-A4DB-7AA354045940}.Debug|Any CPU.Build.0 = Debug|Any CPU
		{4F022832-2A29-4C96-A4DB-7AA354045940}.Release|Any CPU.ActiveCfg = Release|Any CPU
		{4F022832-2A29-4C96-A4DB-7AA354045940}.Release|Any CPU.Build.0 = Release|Any CPU
	EndGlobalSection
	GlobalSection(SolutionProperties) = preSolution
		HideSolutionNode = FALSE
	EndGlobalSection
	GlobalSection(ExtensibilityGlobals) = postSolution
		SolutionGuid = {B6125CB8-1B16-4388-842C-7AD2B5FCFE1C}
	EndGlobalSection
EndGlobal
